// !$*UTF8*$!
{
	archiveVersion = 1;
	classes = {
	};
	objectVersion = 46;
	objects = {

/* Begin PBXBuildFile section */
		180CFAEB20419B8600DCFC75 /* CreateAccountViewController.swift in Sources */ = {isa = PBXBuildFile; fileRef = 180CFAEA20419B8600DCFC75 /* CreateAccountViewController.swift */; };
		180CFAED20428EE600DCFC75 /* Assets 13-27-34-945.xcassets in Resources */ = {isa = PBXBuildFile; fileRef = 180CFAEC20428EE500DCFC75 /* Assets 13-27-34-945.xcassets */; };
		180CFAEF2042985800DCFC75 /* LaunchScreen.storyboard in Resources */ = {isa = PBXBuildFile; fileRef = 180CFAEE2042985800DCFC75 /* LaunchScreen.storyboard */; };
		1821A666205BC8A40021C69F /* destViewController.swift in Sources */ = {isa = PBXBuildFile; fileRef = 1821A665205BC8A40021C69F /* destViewController.swift */; };
		18358AC9203A821C005796B7 /* SecondViewController.swift in Sources */ = {isa = PBXBuildFile; fileRef = 18358AC8203A821C005796B7 /* SecondViewController.swift */; };
		18358ACB203AB2C8005796B7 /* CollectionViewCell.swift in Sources */ = {isa = PBXBuildFile; fileRef = 18358ACA203AB2C8005796B7 /* CollectionViewCell.swift */; };
		18358ACD203ACF89005796B7 /* destination.swift in Sources */ = {isa = PBXBuildFile; fileRef = 18358ACC203ACF89005796B7 /* destination.swift */; };
		18543899205A4DFD007F7497 /* secondPlanViewController.swift in Sources */ = {isa = PBXBuildFile; fileRef = 18543898205A4DFD007F7497 /* secondPlanViewController.swift */; };
		18690D31204712F500612388 /* PinAndPlanViewController.swift in Sources */ = {isa = PBXBuildFile; fileRef = 18690D30204712F500612388 /* PinAndPlanViewController.swift */; };
		1878AB8D204587C3008D5AF5 /* MHPinterestLayout.framework in Frameworks */ = {isa = PBXBuildFile; fileRef = 1878AB8E204587C3008D5AF5 /* MHPinterestLayout.framework */; };
		1878AB902045A3D2008D5AF5 /* Extension.swift in Sources */ = {isa = PBXBuildFile; fileRef = 1878AB8F2045A3D2008D5AF5 /* Extension.swift */; };
		1892A04420640A3F003AB320 /* ProfileViewController.swift in Sources */ = {isa = PBXBuildFile; fileRef = 1892A04320640A3F003AB320 /* ProfileViewController.swift */; };
		1892A0462064BAFC003AB320 /* ButtonCollectionViewCell.swift in Sources */ = {isa = PBXBuildFile; fileRef = 1892A0452064BAFC003AB320 /* ButtonCollectionViewCell.swift */; };
		1892A0492064DA24003AB320 /* DestinationInProfileCollectionViewCell.swift in Sources */ = {isa = PBXBuildFile; fileRef = 1892A0482064DA24003AB320 /* DestinationInProfileCollectionViewCell.swift */; };
		1892A04B2064DB5D003AB320 /* profiledestination.swift in Sources */ = {isa = PBXBuildFile; fileRef = 1892A04A2064DB5D003AB320 /* profiledestination.swift */; };
		1892A04D2066375F003AB320 /* NotificationViewController.swift in Sources */ = {isa = PBXBuildFile; fileRef = 1892A04C2066375F003AB320 /* NotificationViewController.swift */; };
		1892A050206655C3003AB320 /* NotificationTableViewCell.swift in Sources */ = {isa = PBXBuildFile; fileRef = 1892A04F206655C3003AB320 /* NotificationTableViewCell.swift */; };
		1892A05220668184003AB320 /* ExploreViewController.swift in Sources */ = {isa = PBXBuildFile; fileRef = 1892A05120668184003AB320 /* ExploreViewController.swift */; };
		1892A0542066840A003AB320 /* top5CollectionViewCell.swift in Sources */ = {isa = PBXBuildFile; fileRef = 1892A0532066840A003AB320 /* top5CollectionViewCell.swift */; };
		189F836820775FBC0075CEC0 /* Uploading2ViewController.swift in Sources */ = {isa = PBXBuildFile; fileRef = 189F836720775FBC0075CEC0 /* Uploading2ViewController.swift */; };
		18B03BF820765D2C0069833E /* UploadingViewController.swift in Sources */ = {isa = PBXBuildFile; fileRef = 18B03BF720765D2C0069833E /* UploadingViewController.swift */; };
		18B03BFA20765F690069833E /* MapViewController.swift in Sources */ = {isa = PBXBuildFile; fileRef = 18B03BF920765F690069833E /* MapViewController.swift */; };
		18D0A4082067874C005FA75D /* HotCollectionViewCell.swift in Sources */ = {isa = PBXBuildFile; fileRef = 18D0A4072067874C005FA75D /* HotCollectionViewCell.swift */; };
		18D246DA2033093E0098C050 /* AppDelegate.swift in Sources */ = {isa = PBXBuildFile; fileRef = 18D246D92033093E0098C050 /* AppDelegate.swift */; };
		18D246DC2033093E0098C050 /* ViewController.swift in Sources */ = {isa = PBXBuildFile; fileRef = 18D246DB2033093E0098C050 /* ViewController.swift */; };
		18D246DF2033093E0098C050 /* Main.storyboard in Resources */ = {isa = PBXBuildFile; fileRef = 18D246DD2033093E0098C050 /* Main.storyboard */; };
		18D246E22033093E0098C050 /* senior.xcdatamodeld in Sources */ = {isa = PBXBuildFile; fileRef = 18D246E02033093E0098C050 /* senior.xcdatamodeld */; };
		18D246F22033093E0098C050 /* seniorTests.swift in Sources */ = {isa = PBXBuildFile; fileRef = 18D246F12033093E0098C050 /* seniorTests.swift */; };
		18D246FD2033093F0098C050 /* seniorUITests.swift in Sources */ = {isa = PBXBuildFile; fileRef = 18D246FC2033093F0098C050 /* seniorUITests.swift */; };
		18E77E20204EA10A005CC976 /* PinCollectionViewCell.swift in Sources */ = {isa = PBXBuildFile; fileRef = 18E77E1F204EA10A005CC976 /* PinCollectionViewCell.swift */; };
		18E77E22204EA214005CC976 /* PinViewController.swift in Sources */ = {isa = PBXBuildFile; fileRef = 18E77E21204EA214005CC976 /* PinViewController.swift */; };
		18E77E24204FDD1E005CC976 /* Pin.swift in Sources */ = {isa = PBXBuildFile; fileRef = 18E77E23204FDD1E005CC976 /* Pin.swift */; };
		18E8841F2055008F00EA0550 /* PlanViewController.swift in Sources */ = {isa = PBXBuildFile; fileRef = 18E8841E2055008F00EA0550 /* PlanViewController.swift */; };
		18E88421205508D400EA0550 /* CustomTableViewCell.swift in Sources */ = {isa = PBXBuildFile; fileRef = 18E88420205508D400EA0550 /* CustomTableViewCell.swift */; };
		18EC0C0B2068E028000B30A3 /* CommentTableViewCell.swift in Sources */ = {isa = PBXBuildFile; fileRef = 18EC0C0A2068E028000B30A3 /* CommentTableViewCell.swift */; };
		20937EDD0ABCC20941B03078 /* Pods_senior.framework in Frameworks */ = {isa = PBXBuildFile; fileRef = 26A4CF2BC77B29FDE90718ED /* Pods_senior.framework */; };
/* End PBXBuildFile section */

/* Begin PBXContainerItemProxy section */
		18D246EE2033093E0098C050 /* PBXContainerItemProxy */ = {
			isa = PBXContainerItemProxy;
			containerPortal = 18D246CE2033093E0098C050 /* Project object */;
			proxyType = 1;
			remoteGlobalIDString = 18D246D52033093E0098C050;
			remoteInfo = senior;
		};
		18D246F92033093F0098C050 /* PBXContainerItemProxy */ = {
			isa = PBXContainerItemProxy;
			containerPortal = 18D246CE2033093E0098C050 /* Project object */;
			proxyType = 1;
			remoteGlobalIDString = 18D246D52033093E0098C050;
			remoteInfo = senior;
		};
/* End PBXContainerItemProxy section */

/* Begin PBXFileReference section */
		14738A916401D65B609C4557 /* Pods-senior.release.xcconfig */ = {isa = PBXFileReference; includeInIndex = 1; lastKnownFileType = text.xcconfig; name = "Pods-senior.release.xcconfig"; path = "Pods/Target Support Files/Pods-senior/Pods-senior.release.xcconfig"; sourceTree = "<group>"; };
		180CFAEA20419B8600DCFC75 /* CreateAccountViewController.swift */ = {isa = PBXFileReference; lastKnownFileType = sourcecode.swift; path = CreateAccountViewController.swift; sourceTree = "<group>"; };
		180CFAEC20428EE500DCFC75 /* Assets 13-27-34-945.xcassets */ = {isa = PBXFileReference; lastKnownFileType = folder.assetcatalog; path = "Assets 13-27-34-945.xcassets"; sourceTree = "<group>"; };
		180CFAEE2042985800DCFC75 /* LaunchScreen.storyboard */ = {isa = PBXFileReference; lastKnownFileType = file.storyboard; path = LaunchScreen.storyboard; sourceTree = "<group>"; };
		1821A665205BC8A40021C69F /* destViewController.swift */ = {isa = PBXFileReference; lastKnownFileType = sourcecode.swift; path = destViewController.swift; sourceTree = "<group>"; };
		18358AC8203A821C005796B7 /* SecondViewController.swift */ = {isa = PBXFileReference; fileEncoding = 4; lastKnownFileType = sourcecode.swift; path = SecondViewController.swift; sourceTree = "<group>"; };
		18358ACA203AB2C8005796B7 /* CollectionViewCell.swift */ = {isa = PBXFileReference; fileEncoding = 4; lastKnownFileType = sourcecode.swift; path = CollectionViewCell.swift; sourceTree = "<group>"; };
		18358ACC203ACF89005796B7 /* destination.swift */ = {isa = PBXFileReference; fileEncoding = 4; lastKnownFileType = sourcecode.swift; path = destination.swift; sourceTree = "<group>"; };
		18543898205A4DFD007F7497 /* secondPlanViewController.swift */ = {isa = PBXFileReference; lastKnownFileType = sourcecode.swift; path = secondPlanViewController.swift; sourceTree = "<group>"; };
		18690D30204712F500612388 /* PinAndPlanViewController.swift */ = {isa = PBXFileReference; lastKnownFileType = sourcecode.swift; path = PinAndPlanViewController.swift; sourceTree = "<group>"; };
		1878AB8E204587C3008D5AF5 /* MHPinterestLayout.framework */ = {isa = PBXFileReference; explicitFileType = wrapper.framework; path = MHPinterestLayout.framework; sourceTree = BUILT_PRODUCTS_DIR; };
		1878AB8F2045A3D2008D5AF5 /* Extension.swift */ = {isa = PBXFileReference; lastKnownFileType = sourcecode.swift; path = Extension.swift; sourceTree = "<group>"; };
		1892A04320640A3F003AB320 /* ProfileViewController.swift */ = {isa = PBXFileReference; lastKnownFileType = sourcecode.swift; path = ProfileViewController.swift; sourceTree = "<group>"; };
		1892A0452064BAFC003AB320 /* ButtonCollectionViewCell.swift */ = {isa = PBXFileReference; lastKnownFileType = sourcecode.swift; path = ButtonCollectionViewCell.swift; sourceTree = "<group>"; };
		1892A0482064DA24003AB320 /* DestinationInProfileCollectionViewCell.swift */ = {isa = PBXFileReference; lastKnownFileType = sourcecode.swift; path = DestinationInProfileCollectionViewCell.swift; sourceTree = "<group>"; };
		1892A04A2064DB5D003AB320 /* profiledestination.swift */ = {isa = PBXFileReference; lastKnownFileType = sourcecode.swift; path = profiledestination.swift; sourceTree = "<group>"; };
		1892A04C2066375F003AB320 /* NotificationViewController.swift */ = {isa = PBXFileReference; lastKnownFileType = sourcecode.swift; path = NotificationViewController.swift; sourceTree = "<group>"; };
		1892A04F206655C3003AB320 /* NotificationTableViewCell.swift */ = {isa = PBXFileReference; lastKnownFileType = sourcecode.swift; path = NotificationTableViewCell.swift; sourceTree = "<group>"; };
		1892A05120668184003AB320 /* ExploreViewController.swift */ = {isa = PBXFileReference; lastKnownFileType = sourcecode.swift; path = ExploreViewController.swift; sourceTree = "<group>"; };
		1892A0532066840A003AB320 /* top5CollectionViewCell.swift */ = {isa = PBXFileReference; lastKnownFileType = sourcecode.swift; path = top5CollectionViewCell.swift; sourceTree = "<group>"; };
		189F836720775FBC0075CEC0 /* Uploading2ViewController.swift */ = {isa = PBXFileReference; lastKnownFileType = sourcecode.swift; path = Uploading2ViewController.swift; sourceTree = "<group>"; };
		18B03BF720765D2C0069833E /* UploadingViewController.swift */ = {isa = PBXFileReference; lastKnownFileType = sourcecode.swift; path = UploadingViewController.swift; sourceTree = "<group>"; };
		18B03BF920765F690069833E /* MapViewController.swift */ = {isa = PBXFileReference; lastKnownFileType = sourcecode.swift; path = MapViewController.swift; sourceTree = "<group>"; };
		18D0A4072067874C005FA75D /* HotCollectionViewCell.swift */ = {isa = PBXFileReference; lastKnownFileType = sourcecode.swift; path = HotCollectionViewCell.swift; sourceTree = "<group>"; };
		18D246D62033093E0098C050 /* senior.app */ = {isa = PBXFileReference; explicitFileType = wrapper.application; includeInIndex = 0; path = senior.app; sourceTree = BUILT_PRODUCTS_DIR; };
		18D246D92033093E0098C050 /* AppDelegate.swift */ = {isa = PBXFileReference; lastKnownFileType = sourcecode.swift; path = AppDelegate.swift; sourceTree = "<group>"; };
		18D246DB2033093E0098C050 /* ViewController.swift */ = {isa = PBXFileReference; lastKnownFileType = sourcecode.swift; path = ViewController.swift; sourceTree = "<group>"; };
		18D246DE2033093E0098C050 /* Base */ = {isa = PBXFileReference; lastKnownFileType = file.storyboard; name = Base; path = Base.lproj/Main.storyboard; sourceTree = "<group>"; };
		18D246E12033093E0098C050 /* senior.xcdatamodel */ = {isa = PBXFileReference; lastKnownFileType = wrapper.xcdatamodel; path = senior.xcdatamodel; sourceTree = "<group>"; };
		18D246E82033093E0098C050 /* Info.plist */ = {isa = PBXFileReference; lastKnownFileType = text.plist.xml; path = Info.plist; sourceTree = "<group>"; };
		18D246ED2033093E0098C050 /* seniorTests.xctest */ = {isa = PBXFileReference; explicitFileType = wrapper.cfbundle; includeInIndex = 0; path = seniorTests.xctest; sourceTree = BUILT_PRODUCTS_DIR; };
		18D246F12033093E0098C050 /* seniorTests.swift */ = {isa = PBXFileReference; lastKnownFileType = sourcecode.swift; path = seniorTests.swift; sourceTree = "<group>"; };
		18D246F32033093E0098C050 /* Info.plist */ = {isa = PBXFileReference; lastKnownFileType = text.plist.xml; path = Info.plist; sourceTree = "<group>"; };
		18D246F82033093F0098C050 /* seniorUITests.xctest */ = {isa = PBXFileReference; explicitFileType = wrapper.cfbundle; includeInIndex = 0; path = seniorUITests.xctest; sourceTree = BUILT_PRODUCTS_DIR; };
		18D246FC2033093F0098C050 /* seniorUITests.swift */ = {isa = PBXFileReference; lastKnownFileType = sourcecode.swift; path = seniorUITests.swift; sourceTree = "<group>"; };
		18D246FE2033093F0098C050 /* Info.plist */ = {isa = PBXFileReference; lastKnownFileType = text.plist.xml; path = Info.plist; sourceTree = "<group>"; };
		18E77E1F204EA10A005CC976 /* PinCollectionViewCell.swift */ = {isa = PBXFileReference; lastKnownFileType = sourcecode.swift; path = PinCollectionViewCell.swift; sourceTree = "<group>"; };
		18E77E21204EA214005CC976 /* PinViewController.swift */ = {isa = PBXFileReference; lastKnownFileType = sourcecode.swift; path = PinViewController.swift; sourceTree = "<group>"; };
		18E77E23204FDD1E005CC976 /* Pin.swift */ = {isa = PBXFileReference; lastKnownFileType = sourcecode.swift; path = Pin.swift; sourceTree = "<group>"; };
		18E8841E2055008F00EA0550 /* PlanViewController.swift */ = {isa = PBXFileReference; lastKnownFileType = sourcecode.swift; path = PlanViewController.swift; sourceTree = "<group>"; };
		18E88420205508D400EA0550 /* CustomTableViewCell.swift */ = {isa = PBXFileReference; lastKnownFileType = sourcecode.swift; path = CustomTableViewCell.swift; sourceTree = "<group>"; };
		18EC0C0A2068E028000B30A3 /* CommentTableViewCell.swift */ = {isa = PBXFileReference; lastKnownFileType = sourcecode.swift; path = CommentTableViewCell.swift; sourceTree = "<group>"; };
		26A4CF2BC77B29FDE90718ED /* Pods_senior.framework */ = {isa = PBXFileReference; explicitFileType = wrapper.framework; includeInIndex = 0; path = Pods_senior.framework; sourceTree = BUILT_PRODUCTS_DIR; };
		3F18706232316184BD6901EF /* Pods-senior.debug.xcconfig */ = {isa = PBXFileReference; includeInIndex = 1; lastKnownFileType = text.xcconfig; name = "Pods-senior.debug.xcconfig"; path = "Pods/Target Support Files/Pods-senior/Pods-senior.debug.xcconfig"; sourceTree = "<group>"; };
/* End PBXFileReference section */

/* Begin PBXFrameworksBuildPhase section */
		18D246D32033093E0098C050 /* Frameworks */ = {
			isa = PBXFrameworksBuildPhase;
			buildActionMask = 2147483647;
			files = (
				1878AB8D204587C3008D5AF5 /* MHPinterestLayout.framework in Frameworks */,
				20937EDD0ABCC20941B03078 /* Pods_senior.framework in Frameworks */,
			);
			runOnlyForDeploymentPostprocessing = 0;
		};
		18D246EA2033093E0098C050 /* Frameworks */ = {
			isa = PBXFrameworksBuildPhase;
			buildActionMask = 2147483647;
			files = (
			);
			runOnlyForDeploymentPostprocessing = 0;
		};
		18D246F52033093F0098C050 /* Frameworks */ = {
			isa = PBXFrameworksBuildPhase;
			buildActionMask = 2147483647;
			files = (
			);
			runOnlyForDeploymentPostprocessing = 0;
		};
/* End PBXFrameworksBuildPhase section */

/* Begin PBXGroup section */
		05629D22434F719DD81B3FEB /* Frameworks */ = {
			isa = PBXGroup;
			children = (
				1878AB8E204587C3008D5AF5 /* MHPinterestLayout.framework */,
				26A4CF2BC77B29FDE90718ED /* Pods_senior.framework */,
			);
			name = Frameworks;
			sourceTree = "<group>";
		};
		1821A660205AA0F30021C69F /* Plan */ = {
			isa = PBXGroup;
			children = (
				18E8841E2055008F00EA0550 /* PlanViewController.swift */,
				18E88420205508D400EA0550 /* CustomTableViewCell.swift */,
				18543898205A4DFD007F7497 /* secondPlanViewController.swift */,
			);
			name = Plan;
			sourceTree = "<group>";
		};
		187F3AA32046DFE500DA58B1 /* Sign in and Create Account */ = {
			isa = PBXGroup;
			children = (
				180CFAEA20419B8600DCFC75 /* CreateAccountViewController.swift */,
				18D246DB2033093E0098C050 /* ViewController.swift */,
			);
			name = "Sign in and Create Account";
			sourceTree = "<group>";
		};
		187F3AA52046E01A00DA58B1 /* Upload Page */ = {
			isa = PBXGroup;
			children = (
				18B03BF720765D2C0069833E /* UploadingViewController.swift */,
				189F836720775FBC0075CEC0 /* Uploading2ViewController.swift */,
				18B03BF920765F690069833E /* MapViewController.swift */,
			);
			name = "Upload Page";
			sourceTree = "<group>";
		};
		1892A0472064BB0C003AB320 /* Profile */ = {
			isa = PBXGroup;
			children = (
				1892A04320640A3F003AB320 /* ProfileViewController.swift */,
				1892A0452064BAFC003AB320 /* ButtonCollectionViewCell.swift */,
				1892A04A2064DB5D003AB320 /* profiledestination.swift */,
				1892A0482064DA24003AB320 /* DestinationInProfileCollectionViewCell.swift */,
			);
			name = Profile;
			sourceTree = "<group>";
		};
		1892A04E20663779003AB320 /* Notification */ = {
			isa = PBXGroup;
			children = (
				1892A04C2066375F003AB320 /* NotificationViewController.swift */,
				1892A04F206655C3003AB320 /* NotificationTableViewCell.swift */,
			);
			name = Notification;
			sourceTree = "<group>";
		};
		1892A055206691CF003AB320 /* Explore */ = {
			isa = PBXGroup;
			children = (
				1892A05120668184003AB320 /* ExploreViewController.swift */,
				1892A0532066840A003AB320 /* top5CollectionViewCell.swift */,
				18D0A4072067874C005FA75D /* HotCollectionViewCell.swift */,
			);
			name = Explore;
			sourceTree = "<group>";
		};
		18C842FF2035CC5600F61A71 /* Model */ = {
			isa = PBXGroup;
			children = (
				18D246E82033093E0098C050 /* Info.plist */,
				180CFAEC20428EE500DCFC75 /* Assets 13-27-34-945.xcassets */,
				18D246E02033093E0098C050 /* senior.xcdatamodeld */,
			);
			name = Model;
			sourceTree = "<group>";
		};
		18C843002035CC8C00F61A71 /* storyboard */ = {
			isa = PBXGroup;
			children = (
				18D246DD2033093E0098C050 /* Main.storyboard */,
				180CFAEE2042985800DCFC75 /* LaunchScreen.storyboard */,
			);
			name = storyboard;
			sourceTree = "<group>";
		};
		18CB4052204302CD00EA5F74 /* Wander's Main page */ = {
			isa = PBXGroup;
			children = (
				18358ACC203ACF89005796B7 /* destination.swift */,
				18358AC8203A821C005796B7 /* SecondViewController.swift */,
				18358ACA203AB2C8005796B7 /* CollectionViewCell.swift */,
				1878AB8F2045A3D2008D5AF5 /* Extension.swift */,
			);
			name = "Wander's Main page";
			sourceTree = "<group>";
		};
		18D246CD2033093E0098C050 = {
			isa = PBXGroup;
			children = (
				18D246D82033093E0098C050 /* senior */,
				18D246F02033093E0098C050 /* seniorTests */,
				18D246FB2033093F0098C050 /* seniorUITests */,
				18D246D72033093E0098C050 /* Products */,
				4CE6DC2C45474768268234D1 /* Pods */,
				05629D22434F719DD81B3FEB /* Frameworks */,
			);
			sourceTree = "<group>";
		};
		18D246D72033093E0098C050 /* Products */ = {
			isa = PBXGroup;
			children = (
				18D246D62033093E0098C050 /* senior.app */,
				18D246ED2033093E0098C050 /* seniorTests.xctest */,
				18D246F82033093F0098C050 /* seniorUITests.xctest */,
			);
			name = Products;
			sourceTree = "<group>";
		};
		18D246D82033093E0098C050 /* senior */ = {
			isa = PBXGroup;
			children = (
				18D246D92033093E0098C050 /* AppDelegate.swift */,
				1892A055206691CF003AB320 /* Explore */,
				1892A0472064BB0C003AB320 /* Profile */,
				18EC0C0C20693DE4000B30A3 /* destination detail page */,
				18E77E1C204E7DAE005CC976 /* Pin&Plan */,
				187F3AA32046DFE500DA58B1 /* Sign in and Create Account */,
				18CB4052204302CD00EA5F74 /* Wander's Main page */,
				1892A04E20663779003AB320 /* Notification */,
				187F3AA52046E01A00DA58B1 /* Upload Page */,
				18C843002035CC8C00F61A71 /* storyboard */,
				18C842FF2035CC5600F61A71 /* Model */,
			);
			path = senior;
			sourceTree = "<group>";
		};
		18D246F02033093E0098C050 /* seniorTests */ = {
			isa = PBXGroup;
			children = (
				18D246F12033093E0098C050 /* seniorTests.swift */,
				18D246F32033093E0098C050 /* Info.plist */,
			);
			path = seniorTests;
			sourceTree = "<group>";
		};
		18D246FB2033093F0098C050 /* seniorUITests */ = {
			isa = PBXGroup;
			children = (
				18D246FC2033093F0098C050 /* seniorUITests.swift */,
				18D246FE2033093F0098C050 /* Info.plist */,
			);
			path = seniorUITests;
			sourceTree = "<group>";
		};
		18E77E1C204E7DAE005CC976 /* Pin&Plan */ = {
			isa = PBXGroup;
			children = (
				18690D30204712F500612388 /* PinAndPlanViewController.swift */,
				1821A660205AA0F30021C69F /* Plan */,
				18E8841D2055007400EA0550 /* Pin */,
			);
			name = "Pin&Plan";
			sourceTree = "<group>";
		};
		18E8841D2055007400EA0550 /* Pin */ = {
			isa = PBXGroup;
			children = (
				18E77E23204FDD1E005CC976 /* Pin.swift */,
				18E77E21204EA214005CC976 /* PinViewController.swift */,
				18E77E1F204EA10A005CC976 /* PinCollectionViewCell.swift */,
			);
			name = Pin;
			sourceTree = "<group>";
		};
		18EC0C0C20693DE4000B30A3 /* destination detail page */ = {
			isa = PBXGroup;
			children = (
				1821A665205BC8A40021C69F /* destViewController.swift */,
				18EC0C0A2068E028000B30A3 /* CommentTableViewCell.swift */,
			);
			name = "destination detail page";
			sourceTree = "<group>";
		};
		4CE6DC2C45474768268234D1 /* Pods */ = {
			isa = PBXGroup;
			children = (
				3F18706232316184BD6901EF /* Pods-senior.debug.xcconfig */,
				14738A916401D65B609C4557 /* Pods-senior.release.xcconfig */,
			);
			name = Pods;
			sourceTree = "<group>";
		};
/* End PBXGroup section */

/* Begin PBXNativeTarget section */
		18D246D52033093E0098C050 /* senior */ = {
			isa = PBXNativeTarget;
			buildConfigurationList = 18D247012033093F0098C050 /* Build configuration list for PBXNativeTarget "senior" */;
			buildPhases = (
				C2BBE5A5E587323878E39CF4 /* [CP] Check Pods Manifest.lock */,
				18D246D22033093E0098C050 /* Sources */,
				18D246D32033093E0098C050 /* Frameworks */,
				18D246D42033093E0098C050 /* Resources */,
				3D26C8AD988BBCE469D7DA9B /* [CP] Embed Pods Frameworks */,
				D92152CE29C8300C46A5D738 /* [CP] Copy Pods Resources */,
			);
			buildRules = (
			);
			dependencies = (
			);
			name = senior;
			productName = senior;
			productReference = 18D246D62033093E0098C050 /* senior.app */;
			productType = "com.apple.product-type.application";
		};
		18D246EC2033093E0098C050 /* seniorTests */ = {
			isa = PBXNativeTarget;
			buildConfigurationList = 18D247042033093F0098C050 /* Build configuration list for PBXNativeTarget "seniorTests" */;
			buildPhases = (
				18D246E92033093E0098C050 /* Sources */,
				18D246EA2033093E0098C050 /* Frameworks */,
				18D246EB2033093E0098C050 /* Resources */,
			);
			buildRules = (
			);
			dependencies = (
				18D246EF2033093E0098C050 /* PBXTargetDependency */,
			);
			name = seniorTests;
			productName = seniorTests;
			productReference = 18D246ED2033093E0098C050 /* seniorTests.xctest */;
			productType = "com.apple.product-type.bundle.unit-test";
		};
		18D246F72033093F0098C050 /* seniorUITests */ = {
			isa = PBXNativeTarget;
			buildConfigurationList = 18D247072033093F0098C050 /* Build configuration list for PBXNativeTarget "seniorUITests" */;
			buildPhases = (
				18D246F42033093F0098C050 /* Sources */,
				18D246F52033093F0098C050 /* Frameworks */,
				18D246F62033093F0098C050 /* Resources */,
			);
			buildRules = (
			);
			dependencies = (
				18D246FA2033093F0098C050 /* PBXTargetDependency */,
			);
			name = seniorUITests;
			productName = seniorUITests;
			productReference = 18D246F82033093F0098C050 /* seniorUITests.xctest */;
			productType = "com.apple.product-type.bundle.ui-testing";
		};
/* End PBXNativeTarget section */

/* Begin PBXProject section */
		18D246CE2033093E0098C050 /* Project object */ = {
			isa = PBXProject;
			attributes = {
				LastSwiftUpdateCheck = 0820;
				LastUpgradeCheck = 0920;
				ORGANIZATIONNAME = Apple;
				TargetAttributes = {
					18D246D52033093E0098C050 = {
						CreatedOnToolsVersion = 8.2.1;
						LastSwiftMigration = 0920;
						ProvisioningStyle = Automatic;
					};
					18D246EC2033093E0098C050 = {
						CreatedOnToolsVersion = 8.2.1;
						LastSwiftMigration = 0920;
						ProvisioningStyle = Automatic;
						TestTargetID = 18D246D52033093E0098C050;
					};
					18D246F72033093F0098C050 = {
						CreatedOnToolsVersion = 8.2.1;
						LastSwiftMigration = 0920;
						ProvisioningStyle = Automatic;
						TestTargetID = 18D246D52033093E0098C050;
					};
				};
			};
			buildConfigurationList = 18D246D12033093E0098C050 /* Build configuration list for PBXProject "senior" */;
			compatibilityVersion = "Xcode 3.2";
			developmentRegion = English;
			hasScannedForEncodings = 0;
			knownRegions = (
				en,
				Base,
			);
			mainGroup = 18D246CD2033093E0098C050;
			productRefGroup = 18D246D72033093E0098C050 /* Products */;
			projectDirPath = "";
			projectRoot = "";
			targets = (
				18D246D52033093E0098C050 /* senior */,
				18D246EC2033093E0098C050 /* seniorTests */,
				18D246F72033093F0098C050 /* seniorUITests */,
			);
		};
/* End PBXProject section */

/* Begin PBXResourcesBuildPhase section */
		18D246D42033093E0098C050 /* Resources */ = {
			isa = PBXResourcesBuildPhase;
			buildActionMask = 2147483647;
			files = (
				180CFAEF2042985800DCFC75 /* LaunchScreen.storyboard in Resources */,
				18D246DF2033093E0098C050 /* Main.storyboard in Resources */,
				180CFAED20428EE600DCFC75 /* Assets 13-27-34-945.xcassets in Resources */,
			);
			runOnlyForDeploymentPostprocessing = 0;
		};
		18D246EB2033093E0098C050 /* Resources */ = {
			isa = PBXResourcesBuildPhase;
			buildActionMask = 2147483647;
			files = (
			);
			runOnlyForDeploymentPostprocessing = 0;
		};
		18D246F62033093F0098C050 /* Resources */ = {
			isa = PBXResourcesBuildPhase;
			buildActionMask = 2147483647;
			files = (
			);
			runOnlyForDeploymentPostprocessing = 0;
		};
/* End PBXResourcesBuildPhase section */

/* Begin PBXShellScriptBuildPhase section */
		3D26C8AD988BBCE469D7DA9B /* [CP] Embed Pods Frameworks */ = {
			isa = PBXShellScriptBuildPhase;
			buildActionMask = 2147483647;
			files = (
			);
			inputPaths = (
				"${SRCROOT}/Pods/Target Support Files/Pods-senior/Pods-senior-frameworks.sh",
				"${BUILT_PRODUCTS_DIR}/GoogleToolboxForMac/GoogleToolboxForMac.framework",
				"${BUILT_PRODUCTS_DIR}/MHPinterestLayout/MHPinterestLayout.framework",
				"${BUILT_PRODUCTS_DIR}/SwiftCommonUtils/SwiftCommonUtils.framework",
				"${BUILT_PRODUCTS_DIR}/TextFieldEffects/TextFieldEffects.framework",
				"${BUILT_PRODUCTS_DIR}/leveldb-library/leveldb.framework",
				"${BUILT_PRODUCTS_DIR}/nanopb/nanopb.framework",
			);
			name = "[CP] Embed Pods Frameworks";
			outputPaths = (
				"${TARGET_BUILD_DIR}/${FRAMEWORKS_FOLDER_PATH}/GoogleToolboxForMac.framework",
				"${TARGET_BUILD_DIR}/${FRAMEWORKS_FOLDER_PATH}/MHPinterestLayout.framework",
				"${TARGET_BUILD_DIR}/${FRAMEWORKS_FOLDER_PATH}/SwiftCommonUtils.framework",
				"${TARGET_BUILD_DIR}/${FRAMEWORKS_FOLDER_PATH}/TextFieldEffects.framework",
				"${TARGET_BUILD_DIR}/${FRAMEWORKS_FOLDER_PATH}/leveldb.framework",
				"${TARGET_BUILD_DIR}/${FRAMEWORKS_FOLDER_PATH}/nanopb.framework",
			);
			runOnlyForDeploymentPostprocessing = 0;
			shellPath = /bin/sh;
			shellScript = "\"${SRCROOT}/Pods/Target Support Files/Pods-senior/Pods-senior-frameworks.sh\"\n";
			showEnvVarsInLog = 0;
		};
		C2BBE5A5E587323878E39CF4 /* [CP] Check Pods Manifest.lock */ = {
			isa = PBXShellScriptBuildPhase;
			buildActionMask = 2147483647;
			files = (
			);
			inputPaths = (
				"${PODS_PODFILE_DIR_PATH}/Podfile.lock",
				"${PODS_ROOT}/Manifest.lock",
			);
			name = "[CP] Check Pods Manifest.lock";
			outputPaths = (
				"$(DERIVED_FILE_DIR)/Pods-senior-checkManifestLockResult.txt",
			);
			runOnlyForDeploymentPostprocessing = 0;
			shellPath = /bin/sh;
			shellScript = "diff \"${PODS_PODFILE_DIR_PATH}/Podfile.lock\" \"${PODS_ROOT}/Manifest.lock\" > /dev/null\nif [ $? != 0 ] ; then\n    # print error to STDERR\n    echo \"error: The sandbox is not in sync with the Podfile.lock. Run 'pod install' or update your CocoaPods installation.\" >&2\n    exit 1\nfi\n# This output is used by Xcode 'outputs' to avoid re-running this script phase.\necho \"SUCCESS\" > \"${SCRIPT_OUTPUT_FILE_0}\"\n";
			showEnvVarsInLog = 0;
		};
		D92152CE29C8300C46A5D738 /* [CP] Copy Pods Resources */ = {
			isa = PBXShellScriptBuildPhase;
			buildActionMask = 2147483647;
			files = (
			);
			inputPaths = (
			);
			name = "[CP] Copy Pods Resources";
			outputPaths = (
			);
			runOnlyForDeploymentPostprocessing = 0;
			shellPath = /bin/sh;
			shellScript = "\"${SRCROOT}/Pods/Target Support Files/Pods-senior/Pods-senior-resources.sh\"\n";
			showEnvVarsInLog = 0;
		};
/* End PBXShellScriptBuildPhase section */

/* Begin PBXSourcesBuildPhase section */
		18D246D22033093E0098C050 /* Sources */ = {
			isa = PBXSourcesBuildPhase;
			buildActionMask = 2147483647;
			files = (
				1821A666205BC8A40021C69F /* destViewController.swift in Sources */,
				1878AB902045A3D2008D5AF5 /* Extension.swift in Sources */,
				180CFAEB20419B8600DCFC75 /* CreateAccountViewController.swift in Sources */,
				18358AC9203A821C005796B7 /* SecondViewController.swift in Sources */,
				1892A0492064DA24003AB320 /* DestinationInProfileCollectionViewCell.swift in Sources */,
				18E8841F2055008F00EA0550 /* PlanViewController.swift in Sources */,
				1892A04420640A3F003AB320 /* ProfileViewController.swift in Sources */,
				18D246DC2033093E0098C050 /* ViewController.swift in Sources */,
				18E88421205508D400EA0550 /* CustomTableViewCell.swift in Sources */,
				1892A0542066840A003AB320 /* top5CollectionViewCell.swift in Sources */,
				18E77E20204EA10A005CC976 /* PinCollectionViewCell.swift in Sources */,
				189F836820775FBC0075CEC0 /* Uploading2ViewController.swift in Sources */,
				18E77E24204FDD1E005CC976 /* Pin.swift in Sources */,
				1892A04D2066375F003AB320 /* NotificationViewController.swift in Sources */,
				18358ACB203AB2C8005796B7 /* CollectionViewCell.swift in Sources */,
				18358ACD203ACF89005796B7 /* destination.swift in Sources */,
				18E77E22204EA214005CC976 /* PinViewController.swift in Sources */,
				1892A050206655C3003AB320 /* NotificationTableViewCell.swift in Sources */,
				18D246E22033093E0098C050 /* senior.xcdatamodeld in Sources */,
				18D246DA2033093E0098C050 /* AppDelegate.swift in Sources */,
				18690D31204712F500612388 /* PinAndPlanViewController.swift in Sources */,
				1892A05220668184003AB320 /* ExploreViewController.swift in Sources */,
				18EC0C0B2068E028000B30A3 /* CommentTableViewCell.swift in Sources */,
				1892A0462064BAFC003AB320 /* ButtonCollectionViewCell.swift in Sources */,
				18543899205A4DFD007F7497 /* secondPlanViewController.swift in Sources */,
				18B03BF820765D2C0069833E /* UploadingViewController.swift in Sources */,
				18D0A4082067874C005FA75D /* HotCollectionViewCell.swift in Sources */,
				1892A04B2064DB5D003AB320 /* profiledestination.swift in Sources */,
				18B03BFA20765F690069833E /* MapViewController.swift in Sources */,
			);
			runOnlyForDeploymentPostprocessing = 0;
		};
		18D246E92033093E0098C050 /* Sources */ = {
			isa = PBXSourcesBuildPhase;
			buildActionMask = 2147483647;
			files = (
				18D246F22033093E0098C050 /* seniorTests.swift in Sources */,
			);
			runOnlyForDeploymentPostprocessing = 0;
		};
		18D246F42033093F0098C050 /* Sources */ = {
			isa = PBXSourcesBuildPhase;
			buildActionMask = 2147483647;
			files = (
				18D246FD2033093F0098C050 /* seniorUITests.swift in Sources */,
			);
			runOnlyForDeploymentPostprocessing = 0;
		};
/* End PBXSourcesBuildPhase section */

/* Begin PBXTargetDependency section */
		18D246EF2033093E0098C050 /* PBXTargetDependency */ = {
			isa = PBXTargetDependency;
			target = 18D246D52033093E0098C050 /* senior */;
			targetProxy = 18D246EE2033093E0098C050 /* PBXContainerItemProxy */;
		};
		18D246FA2033093F0098C050 /* PBXTargetDependency */ = {
			isa = PBXTargetDependency;
			target = 18D246D52033093E0098C050 /* senior */;
			targetProxy = 18D246F92033093F0098C050 /* PBXContainerItemProxy */;
		};
/* End PBXTargetDependency section */

/* Begin PBXVariantGroup section */
		18D246DD2033093E0098C050 /* Main.storyboard */ = {
			isa = PBXVariantGroup;
			children = (
				18D246DE2033093E0098C050 /* Base */,
			);
			name = Main.storyboard;
			sourceTree = "<group>";
		};
/* End PBXVariantGroup section */

/* Begin XCBuildConfiguration section */
		18D246FF2033093F0098C050 /* Debug */ = {
			isa = XCBuildConfiguration;
			buildSettings = {
				ALWAYS_SEARCH_USER_PATHS = NO;
				CLANG_ANALYZER_NONNULL = YES;
				CLANG_CXX_LANGUAGE_STANDARD = "gnu++0x";
				CLANG_CXX_LIBRARY = "libc++";
				CLANG_ENABLE_MODULES = YES;
				CLANG_ENABLE_OBJC_ARC = YES;
				CLANG_WARN_BLOCK_CAPTURE_AUTORELEASING = YES;
				CLANG_WARN_BOOL_CONVERSION = YES;
				CLANG_WARN_COMMA = YES;
				CLANG_WARN_CONSTANT_CONVERSION = YES;
				CLANG_WARN_DIRECT_OBJC_ISA_USAGE = YES_ERROR;
				CLANG_WARN_DOCUMENTATION_COMMENTS = YES;
				CLANG_WARN_EMPTY_BODY = YES;
				CLANG_WARN_ENUM_CONVERSION = YES;
				CLANG_WARN_INFINITE_RECURSION = YES;
				CLANG_WARN_INT_CONVERSION = YES;
				CLANG_WARN_NON_LITERAL_NULL_CONVERSION = YES;
				CLANG_WARN_OBJC_LITERAL_CONVERSION = YES;
				CLANG_WARN_OBJC_ROOT_CLASS = YES_ERROR;
				CLANG_WARN_RANGE_LOOP_ANALYSIS = YES;
				CLANG_WARN_STRICT_PROTOTYPES = YES;
				CLANG_WARN_SUSPICIOUS_MOVE = YES;
				CLANG_WARN_UNREACHABLE_CODE = YES;
				CLANG_WARN__DUPLICATE_METHOD_MATCH = YES;
				"CODE_SIGN_IDENTITY[sdk=iphoneos*]" = "iPhone Developer";
				COPY_PHASE_STRIP = NO;
				DEBUG_INFORMATION_FORMAT = dwarf;
				ENABLE_STRICT_OBJC_MSGSEND = YES;
				ENABLE_TESTABILITY = YES;
				GCC_C_LANGUAGE_STANDARD = gnu99;
				GCC_DYNAMIC_NO_PIC = NO;
				GCC_NO_COMMON_BLOCKS = YES;
				GCC_OPTIMIZATION_LEVEL = 0;
				GCC_PREPROCESSOR_DEFINITIONS = (
					"DEBUG=1",
					"$(inherited)",
				);
				GCC_WARN_64_TO_32_BIT_CONVERSION = YES;
				GCC_WARN_ABOUT_RETURN_TYPE = YES_ERROR;
				GCC_WARN_UNDECLARED_SELECTOR = YES;
				GCC_WARN_UNINITIALIZED_AUTOS = YES_AGGRESSIVE;
				GCC_WARN_UNUSED_FUNCTION = YES;
				GCC_WARN_UNUSED_VARIABLE = YES;
				IPHONEOS_DEPLOYMENT_TARGET = 10.2;
				MTL_ENABLE_DEBUG_INFO = YES;
				ONLY_ACTIVE_ARCH = YES;
				SDKROOT = iphoneos;
				SWIFT_ACTIVE_COMPILATION_CONDITIONS = DEBUG;
				SWIFT_OPTIMIZATION_LEVEL = "-Onone";
			};
			name = Debug;
		};
		18D247002033093F0098C050 /* Release */ = {
			isa = XCBuildConfiguration;
			buildSettings = {
				ALWAYS_SEARCH_USER_PATHS = NO;
				CLANG_ANALYZER_NONNULL = YES;
				CLANG_CXX_LANGUAGE_STANDARD = "gnu++0x";
				CLANG_CXX_LIBRARY = "libc++";
				CLANG_ENABLE_MODULES = YES;
				CLANG_ENABLE_OBJC_ARC = YES;
				CLANG_WARN_BLOCK_CAPTURE_AUTORELEASING = YES;
				CLANG_WARN_BOOL_CONVERSION = YES;
				CLANG_WARN_COMMA = YES;
				CLANG_WARN_CONSTANT_CONVERSION = YES;
				CLANG_WARN_DIRECT_OBJC_ISA_USAGE = YES_ERROR;
				CLANG_WARN_DOCUMENTATION_COMMENTS = YES;
				CLANG_WARN_EMPTY_BODY = YES;
				CLANG_WARN_ENUM_CONVERSION = YES;
				CLANG_WARN_INFINITE_RECURSION = YES;
				CLANG_WARN_INT_CONVERSION = YES;
				CLANG_WARN_NON_LITERAL_NULL_CONVERSION = YES;
				CLANG_WARN_OBJC_LITERAL_CONVERSION = YES;
				CLANG_WARN_OBJC_ROOT_CLASS = YES_ERROR;
				CLANG_WARN_RANGE_LOOP_ANALYSIS = YES;
				CLANG_WARN_STRICT_PROTOTYPES = YES;
				CLANG_WARN_SUSPICIOUS_MOVE = YES;
				CLANG_WARN_UNREACHABLE_CODE = YES;
				CLANG_WARN__DUPLICATE_METHOD_MATCH = YES;
				"CODE_SIGN_IDENTITY[sdk=iphoneos*]" = "iPhone Developer";
				COPY_PHASE_STRIP = NO;
				DEBUG_INFORMATION_FORMAT = "dwarf-with-dsym";
				ENABLE_NS_ASSERTIONS = NO;
				ENABLE_STRICT_OBJC_MSGSEND = YES;
				GCC_C_LANGUAGE_STANDARD = gnu99;
				GCC_NO_COMMON_BLOCKS = YES;
				GCC_WARN_64_TO_32_BIT_CONVERSION = YES;
				GCC_WARN_ABOUT_RETURN_TYPE = YES_ERROR;
				GCC_WARN_UNDECLARED_SELECTOR = YES;
				GCC_WARN_UNINITIALIZED_AUTOS = YES_AGGRESSIVE;
				GCC_WARN_UNUSED_FUNCTION = YES;
				GCC_WARN_UNUSED_VARIABLE = YES;
				IPHONEOS_DEPLOYMENT_TARGET = 10.2;
				MTL_ENABLE_DEBUG_INFO = NO;
				SDKROOT = iphoneos;
				SWIFT_OPTIMIZATION_LEVEL = "-Owholemodule";
				VALIDATE_PRODUCT = YES;
			};
			name = Release;
		};
		18D247022033093F0098C050 /* Debug */ = {
			isa = XCBuildConfiguration;
			baseConfigurationReference = 3F18706232316184BD6901EF /* Pods-senior.debug.xcconfig */;
			buildSettings = {
				ASSETCATALOG_COMPILER_APPICON_NAME = AppIcon;
				INFOPLIST_FILE = senior/Info.plist;
				LD_RUNPATH_SEARCH_PATHS = "$(inherited) @executable_path/Frameworks";
				PRODUCT_BUNDLE_IDENTIFIER = test.senior;
				PRODUCT_NAME = "$(TARGET_NAME)";
				SWIFT_SWIFT3_OBJC_INFERENCE = On;
				SWIFT_VERSION = 4.0;
			};
			name = Debug;
		};
		18D247032033093F0098C050 /* Release */ = {
			isa = XCBuildConfiguration;
			baseConfigurationReference = 14738A916401D65B609C4557 /* Pods-senior.release.xcconfig */;
			buildSettings = {
				ASSETCATALOG_COMPILER_APPICON_NAME = AppIcon;
				INFOPLIST_FILE = senior/Info.plist;
				LD_RUNPATH_SEARCH_PATHS = "$(inherited) @executable_path/Frameworks";
				PRODUCT_BUNDLE_IDENTIFIER = test.senior;
				PRODUCT_NAME = "$(TARGET_NAME)";
				SWIFT_SWIFT3_OBJC_INFERENCE = On;
				SWIFT_VERSION = 4.0;
			};
			name = Release;
		};
		18D247052033093F0098C050 /* Debug */ = {
			isa = XCBuildConfiguration;
			buildSettings = {
				ALWAYS_EMBED_SWIFT_STANDARD_LIBRARIES = YES;
				BUNDLE_LOADER = "$(TEST_HOST)";
				INFOPLIST_FILE = seniorTests/Info.plist;
				LD_RUNPATH_SEARCH_PATHS = "$(inherited) @executable_path/Frameworks @loader_path/Frameworks";
				PRODUCT_BUNDLE_IDENTIFIER = test.seniorTests;
				PRODUCT_NAME = "$(TARGET_NAME)";
				SWIFT_SWIFT3_OBJC_INFERENCE = On;
				SWIFT_VERSION = 4.0;
				TEST_HOST = "$(BUILT_PRODUCTS_DIR)/senior.app/senior";
			};
			name = Debug;
		};
		18D247062033093F0098C050 /* Release */ = {
			isa = XCBuildConfiguration;
			buildSettings = {
				ALWAYS_EMBED_SWIFT_STANDARD_LIBRARIES = YES;
				BUNDLE_LOADER = "$(TEST_HOST)";
				INFOPLIST_FILE = seniorTests/Info.plist;
				LD_RUNPATH_SEARCH_PATHS = "$(inherited) @executable_path/Frameworks @loader_path/Frameworks";
				PRODUCT_BUNDLE_IDENTIFIER = test.seniorTests;
				PRODUCT_NAME = "$(TARGET_NAME)";
				SWIFT_SWIFT3_OBJC_INFERENCE = On;
				SWIFT_VERSION = 4.0;
				TEST_HOST = "$(BUILT_PRODUCTS_DIR)/senior.app/senior";
			};
			name = Release;
		};
		18D247082033093F0098C050 /* Debug */ = {
			isa = XCBuildConfiguration;
			buildSettings = {
				ALWAYS_EMBED_SWIFT_STANDARD_LIBRARIES = YES;
				INFOPLIST_FILE = seniorUITests/Info.plist;
				LD_RUNPATH_SEARCH_PATHS = "$(inherited) @executable_path/Frameworks @loader_path/Frameworks";
				PRODUCT_BUNDLE_IDENTIFIER = test.seniorUITests;
				PRODUCT_NAME = "$(TARGET_NAME)";
				SWIFT_SWIFT3_OBJC_INFERENCE = On;
				SWIFT_VERSION = 4.0;
				TEST_TARGET_NAME = senior;
			};
			name = Debug;
		};
		18D247092033093F0098C050 /* Release */ = {
			isa = XCBuildConfiguration;
			buildSettings = {
				ALWAYS_EMBED_SWIFT_STANDARD_LIBRARIES = YES;
				INFOPLIST_FILE = seniorUITests/Info.plist;
				LD_RUNPATH_SEARCH_PATHS = "$(inherited) @executable_path/Frameworks @loader_path/Frameworks";
				PRODUCT_BUNDLE_IDENTIFIER = test.seniorUITests;
				PRODUCT_NAME = "$(TARGET_NAME)";
				SWIFT_SWIFT3_OBJC_INFERENCE = On;
				SWIFT_VERSION = 4.0;
				TEST_TARGET_NAME = senior;
			};
			name = Release;
		};
/* End XCBuildConfiguration section */

/* Begin XCConfigurationList section */
		18D246D12033093E0098C050 /* Build configuration list for PBXProject "senior" */ = {
			isa = XCConfigurationList;
			buildConfigurations = (
				18D246FF2033093F0098C050 /* Debug */,
				18D247002033093F0098C050 /* Release */,
			);
			defaultConfigurationIsVisible = 0;
			defaultConfigurationName = Release;
		};
		18D247012033093F0098C050 /* Build configuration list for PBXNativeTarget "senior" */ = {
			isa = XCConfigurationList;
			buildConfigurations = (
				18D247022033093F0098C050 /* Debug */,
				18D247032033093F0098C050 /* Release */,
			);
			defaultConfigurationIsVisible = 0;
			defaultConfigurationName = Release;
		};
		18D247042033093F0098C050 /* Build configuration list for PBXNativeTarget "seniorTests" */ = {
			isa = XCConfigurationList;
			buildConfigurations = (
				18D247052033093F0098C050 /* Debug */,
				18D247062033093F0098C050 /* Release */,
			);
			defaultConfigurationIsVisible = 0;
			defaultConfigurationName = Release;
		};
		18D247072033093F0098C050 /* Build configuration list for PBXNativeTarget "seniorUITests" */ = {
			isa = XCConfigurationList;
			buildConfigurations = (
				18D247082033093F0098C050 /* Debug */,
				18D247092033093F0098C050 /* Release */,
			);
			defaultConfigurationIsVisible = 0;
			defaultConfigurationName = Release;
		};
/* End XCConfigurationList section */

/* Begin XCVersionGroup section */
		18D246E02033093E0098C050 /* senior.xcdatamodeld */ = {
			isa = XCVersionGroup;
			children = (
				18D246E12033093E0098C050 /* senior.xcdatamodel */,
			);
			currentVersion = 18D246E12033093E0098C050 /* senior.xcdatamodel */;
			path = senior.xcdatamodeld;
			sourceTree = "<group>";
			versionGroupType = wrapper.xcdatamodel;
		};
/* End XCVersionGroup section */
	};
	rootObject = 18D246CE2033093E0098C050 /* Project object */;
}
